
Microsoft Visual Studio Solution File, Format Version 12.00
# Visual Studio Version 16
VisualStudioVersion = 16.0.32413.511
MinimumVisualStudioVersion = 10.0.40219.1
Project("{FAE04EC0-301F-11D3-BF4B-00C04F79EFBC}") = "ApiTest20220523", "ApiTest20220523\ApiTest20220523.csproj", "{479510C5-B566-4D12-86CC-0356490650A4}"
EndProject
Global
	GlobalSection(SolutionConfigurationPlatforms) = preSolution
		Debug|Any CPU = Debug|Any CPU
		Release|Any CPU = Release|Any CPU
	EndGlobalSection
	GlobalSection(ProjectConfigurationPlatforms) = postSolution
		{479510C5-B566-4D12-86CC-0356490650A4}.Debug|Any CPU.ActiveCfg = Debug|Any CPU
		{479510C5-B566-4D12-86CC-0356490650A4}.Debug|Any CPU.Build.0 = Debug|Any CPU
		{479510C5-B566-4D12-86CC-0356490650A4}.Release|Any CPU.ActiveCfg = Release|Any CPU
		{479510C5-B566-4D12-86CC-0356490650A4}.Release|Any CPU.Build.0 = Release|Any CPU
	EndGlobalSection
	GlobalSection(SolutionProperties) = preSolution
		HideSolutionNode = FALSE
	EndGlobalSection
	GlobalSection(ExtensibilityGlobals) = postSolution
		SolutionGuid = {368B4BA0-85D3-4456-BF87-3AF051086372}
	EndGlobalSection
EndGlobal
